
Microsoft Visual Studio Solution File, Format Version 12.00
# Visual Studio Version 17
VisualStudioVersion = 17.4.33213.308
MinimumVisualStudioVersion = 10.0.40219.1
Project("{2150E333-8FDC-42A3-9474-1A3956D46DE8}") = "src", "src", "{410A0840-0F66-4482-A122-BE7FAA7203AF}"
EndProject
Project("{9A19103F-16F7-4668-BE54-9A1E7A4F7556}") = "MedAdvisor.Commons", "src\MedAdvisor.Commons\MedAdvisor.Commons.csproj", "{70113F2D-70CE-4FD6-A5B5-0FDFE31BF7CC}"
EndProject
Project("{9A19103F-16F7-4668-BE54-9A1E7A4F7556}") = "MedAdvisor.Api", "src\MedAdvisor.Api\MedAdvisor.Api.csproj", "{CF2A0F18-70C8-4C4C-918A-5A3DDD3DE551}"
EndProject
Project("{9A19103F-16F7-4668-BE54-9A1E7A4F7556}") = "MedAdvisor.Business", "src\MedAdvisor.Business\MedAdvisor.Business.csproj", "{B0023BB2-3F01-43B9-BFBF-BC73A3E99011}"
EndProject
Project("{9A19103F-16F7-4668-BE54-9A1E7A4F7556}") = "MedAdvisor.DataAccess.MySql", "src\MedAdvisor.DataAccess.MySql\MedAdvisor.DataAccess.MySql.csproj", "{E98C4DF4-5D42-48B1-9163-55CD0642131B}"
EndProject
Project("{9A19103F-16F7-4668-BE54-9A1E7A4F7556}") = "MedAdvisor.Infrastructrure", "src\MedAdvisor.Infrastructrure\MedAdvisor.Infrastructrure.csproj", "{AB30D6B0-8D0A-4677-923F-E6D0EF25AD0B}"
EndProject
Project("{9A19103F-16F7-4668-BE54-9A1E7A4F7556}") = "MedAdvisor.Services.Okta", "src\MedAdvisor.Services.Okta\MedAdvisor.Services.Okta.csproj", "{FAFBF8A8-F084-4112-98AC-0FB577F9F46A}"
EndProject
Project("{9A19103F-16F7-4668-BE54-9A1E7A4F7556}") = "MedAdvisor.Models", "src\MedAdvisor.Models\MedAdvisor.Models.csproj", "{3E401039-7583-4C0B-B7B5-CB694E3A2832}"
EndProject
Project("{2150E333-8FDC-42A3-9474-1A3956D46DE8}") = "test", "test", "{3B51F0C1-06C5-49C8-A2D0-25CA1FAD0392}"
EndProject
Project("{9A19103F-16F7-4668-BE54-9A1E7A4F7556}") = "MedAdvisor.Common.Test", "test\MedAdvisor.Common.Test\MedAdvisor.Common.Test.csproj", "{94D6452F-7454-4D96-AAA0-117D9C339C80}"
EndProject
Project("{9A19103F-16F7-4668-BE54-9A1E7A4F7556}") = "MedAdvisor.API.Test", "test\MedAdvisor.API.Test\MedAdvisor.API.Test.csproj", "{8D9D7BE1-2D60-4070-88B1-394AEC6FC93A}"
EndProject
Project("{2150E333-8FDC-42A3-9474-1A3956D46DE8}") = "Solution Items", "Solution Items", "{D9D73723-9C7B-4DFD-AAAD-9AC5084C5FE5}"
	ProjectSection(SolutionItems) = preProject
		.editorconfig = .editorconfig
	EndProjectSection
EndProject
Project("{FAE04EC0-301F-11D3-BF4B-00C04F79EFBC}") = "MedAdvisor.Integration.Test", "MedAdvisor.Integration.Test\MedAdvisor.Integration.Test.csproj", "{E565702E-52AC-489F-9C88-5E04B8A5FCB7}"
EndProject
Project("{FAE04EC0-301F-11D3-BF4B-00C04F79EFBC}") = "TestProject1", "TestProject1\TestProject1.csproj", "{116C6135-07B9-4EFD-8414-9345896F1DB7}"
EndProject
Project("{FAE04EC0-301F-11D3-BF4B-00C04F79EFBC}") = "TestProject2", "TestProject2\TestProject2.csproj", "{50B20ED1-4CB0-4BCB-8FC4-56B0DE5E07CE}"
EndProject
Project("{FAE04EC0-301F-11D3-BF4B-00C04F79EFBC}") = "TestProject3.Test", "TestProject3.Test\TestProject3.Test.csproj", "{A2FB0901-EF84-46D1-940C-608E319EDF6A}"
EndProject
Global
	GlobalSection(SolutionConfigurationPlatforms) = preSolution
		Debug|Any CPU = Debug|Any CPU
		Release|Any CPU = Release|Any CPU
	EndGlobalSection
	GlobalSection(ProjectConfigurationPlatforms) = postSolution
		{70113F2D-70CE-4FD6-A5B5-0FDFE31BF7CC}.Debug|Any CPU.ActiveCfg = Debug|Any CPU
		{70113F2D-70CE-4FD6-A5B5-0FDFE31BF7CC}.Debug|Any CPU.Build.0 = Debug|Any CPU
		{70113F2D-70CE-4FD6-A5B5-0FDFE31BF7CC}.Release|Any CPU.ActiveCfg = Release|Any CPU
		{70113F2D-70CE-4FD6-A5B5-0FDFE31BF7CC}.Release|Any CPU.Build.0 = Release|Any CPU
		{CF2A0F18-70C8-4C4C-918A-5A3DDD3DE551}.Debug|Any CPU.ActiveCfg = Debug|Any CPU
		{CF2A0F18-70C8-4C4C-918A-5A3DDD3DE551}.Debug|Any CPU.Build.0 = Debug|Any CPU
		{CF2A0F18-70C8-4C4C-918A-5A3DDD3DE551}.Release|Any CPU.ActiveCfg = Release|Any CPU
		{CF2A0F18-70C8-4C4C-918A-5A3DDD3DE551}.Release|Any CPU.Build.0 = Release|Any CPU
		{B0023BB2-3F01-43B9-BFBF-BC73A3E99011}.Debug|Any CPU.ActiveCfg = Debug|Any CPU
		{B0023BB2-3F01-43B9-BFBF-BC73A3E99011}.Debug|Any CPU.Build.0 = Debug|Any CPU
		{B0023BB2-3F01-43B9-BFBF-BC73A3E99011}.Release|Any CPU.ActiveCfg = Release|Any CPU
		{B0023BB2-3F01-43B9-BFBF-BC73A3E99011}.Release|Any CPU.Build.0 = Release|Any CPU
		{E98C4DF4-5D42-48B1-9163-55CD0642131B}.Debug|Any CPU.ActiveCfg = Debug|Any CPU
		{E98C4DF4-5D42-48B1-9163-55CD0642131B}.Debug|Any CPU.Build.0 = Debug|Any CPU
		{E98C4DF4-5D42-48B1-9163-55CD0642131B}.Release|Any CPU.ActiveCfg = Release|Any CPU
		{E98C4DF4-5D42-48B1-9163-55CD0642131B}.Release|Any CPU.Build.0 = Release|Any CPU
		{AB30D6B0-8D0A-4677-923F-E6D0EF25AD0B}.Debug|Any CPU.ActiveCfg = Debug|Any CPU
		{AB30D6B0-8D0A-4677-923F-E6D0EF25AD0B}.Debug|Any CPU.Build.0 = Debug|Any CPU
		{AB30D6B0-8D0A-4677-923F-E6D0EF25AD0B}.Release|Any CPU.ActiveCfg = Release|Any CPU
		{AB30D6B0-8D0A-4677-923F-E6D0EF25AD0B}.Release|Any CPU.Build.0 = Release|Any CPU
		{FAFBF8A8-F084-4112-98AC-0FB577F9F46A}.Debug|Any CPU.ActiveCfg = Debug|Any CPU
		{FAFBF8A8-F084-4112-98AC-0FB577F9F46A}.Debug|Any CPU.Build.0 = Debug|Any CPU
		{FAFBF8A8-F084-4112-98AC-0FB577F9F46A}.Release|Any CPU.ActiveCfg = Release|Any CPU
		{FAFBF8A8-F084-4112-98AC-0FB577F9F46A}.Release|Any CPU.Build.0 = Release|Any CPU
		{3E401039-7583-4C0B-B7B5-CB694E3A2832}.Debug|Any CPU.ActiveCfg = Debug|Any CPU
		{3E401039-7583-4C0B-B7B5-CB694E3A2832}.Debug|Any CPU.Build.0 = Debug|Any CPU
		{3E401039-7583-4C0B-B7B5-CB694E3A2832}.Release|Any CPU.ActiveCfg = Release|Any CPU
		{3E401039-7583-4C0B-B7B5-CB694E3A2832}.Release|Any CPU.Build.0 = Release|Any CPU
		{94D6452F-7454-4D96-AAA0-117D9C339C80}.Debug|Any CPU.ActiveCfg = Debug|Any CPU
		{94D6452F-7454-4D96-AAA0-117D9C339C80}.Debug|Any CPU.Build.0 = Debug|Any CPU
		{94D6452F-7454-4D96-AAA0-117D9C339C80}.Release|Any CPU.ActiveCfg = Release|Any CPU
		{94D6452F-7454-4D96-AAA0-117D9C339C80}.Release|Any CPU.Build.0 = Release|Any CPU
		{8D9D7BE1-2D60-4070-88B1-394AEC6FC93A}.Debug|Any CPU.ActiveCfg = Debug|Any CPU
		{8D9D7BE1-2D60-4070-88B1-394AEC6FC93A}.Debug|Any CPU.Build.0 = Debug|Any CPU
		{8D9D7BE1-2D60-4070-88B1-394AEC6FC93A}.Release|Any CPU.ActiveCfg = Release|Any CPU
		{8D9D7BE1-2D60-4070-88B1-394AEC6FC93A}.Release|Any CPU.Build.0 = Release|Any CPU
		{E565702E-52AC-489F-9C88-5E04B8A5FCB7}.Debug|Any CPU.ActiveCfg = Debug|Any CPU
		{E565702E-52AC-489F-9C88-5E04B8A5FCB7}.Debug|Any CPU.Build.0 = Debug|Any CPU
		{E565702E-52AC-489F-9C88-5E04B8A5FCB7}.Release|Any CPU.ActiveCfg = Release|Any CPU
		{E565702E-52AC-489F-9C88-5E04B8A5FCB7}.Release|Any CPU.Build.0 = Release|Any CPU
		{116C6135-07B9-4EFD-8414-9345896F1DB7}.Debug|Any CPU.ActiveCfg = Debug|Any CPU
		{116C6135-07B9-4EFD-8414-9345896F1DB7}.Debug|Any CPU.Build.0 = Debug|Any CPU
		{116C6135-07B9-4EFD-8414-9345896F1DB7}.Release|Any CPU.ActiveCfg = Release|Any CPU
		{116C6135-07B9-4EFD-8414-9345896F1DB7}.Release|Any CPU.Build.0 = Release|Any CPU
		{50B20ED1-4CB0-4BCB-8FC4-56B0DE5E07CE}.Debug|Any CPU.ActiveCfg = Debug|Any CPU
		{50B20ED1-4CB0-4BCB-8FC4-56B0DE5E07CE}.Debug|Any CPU.Build.0 = Debug|Any CPU
		{50B20ED1-4CB0-4BCB-8FC4-56B0DE5E07CE}.Release|Any CPU.ActiveCfg = Release|Any CPU
		{50B20ED1-4CB0-4BCB-8FC4-56B0DE5E07CE}.Release|Any CPU.Build.0 = Release|Any CPU
		{A2FB0901-EF84-46D1-940C-608E319EDF6A}.Debug|Any CPU.ActiveCfg = Debug|Any CPU
		{A2FB0901-EF84-46D1-940C-608E319EDF6A}.Debug|Any CPU.Build.0 = Debug|Any CPU
		{A2FB0901-EF84-46D1-940C-608E319EDF6A}.Release|Any CPU.ActiveCfg = Release|Any CPU
		{A2FB0901-EF84-46D1-940C-608E319EDF6A}.Release|Any CPU.Build.0 = Release|Any CPU
	EndGlobalSection
	GlobalSection(SolutionProperties) = preSolution
		HideSolutionNode = FALSE
	EndGlobalSection
	GlobalSection(NestedProjects) = preSolution
		{70113F2D-70CE-4FD6-A5B5-0FDFE31BF7CC} = {410A0840-0F66-4482-A122-BE7FAA7203AF}
		{CF2A0F18-70C8-4C4C-918A-5A3DDD3DE551} = {410A0840-0F66-4482-A122-BE7FAA7203AF}
		{B0023BB2-3F01-43B9-BFBF-BC73A3E99011} = {410A0840-0F66-4482-A122-BE7FAA7203AF}
		{E98C4DF4-5D42-48B1-9163-55CD0642131B} = {410A0840-0F66-4482-A122-BE7FAA7203AF}
		{AB30D6B0-8D0A-4677-923F-E6D0EF25AD0B} = {410A0840-0F66-4482-A122-BE7FAA7203AF}
		{FAFBF8A8-F084-4112-98AC-0FB577F9F46A} = {410A0840-0F66-4482-A122-BE7FAA7203AF}
		{3E401039-7583-4C0B-B7B5-CB694E3A2832} = {410A0840-0F66-4482-A122-BE7FAA7203AF}
		{94D6452F-7454-4D96-AAA0-117D9C339C80} = {3B51F0C1-06C5-49C8-A2D0-25CA1FAD0392}
		{8D9D7BE1-2D60-4070-88B1-394AEC6FC93A} = {3B51F0C1-06C5-49C8-A2D0-25CA1FAD0392}
		{E565702E-52AC-489F-9C88-5E04B8A5FCB7} = {3B51F0C1-06C5-49C8-A2D0-25CA1FAD0392}
		{116C6135-07B9-4EFD-8414-9345896F1DB7} = {3B51F0C1-06C5-49C8-A2D0-25CA1FAD0392}
		{50B20ED1-4CB0-4BCB-8FC4-56B0DE5E07CE} = {3B51F0C1-06C5-49C8-A2D0-25CA1FAD0392}
		{A2FB0901-EF84-46D1-940C-608E319EDF6A} = {3B51F0C1-06C5-49C8-A2D0-25CA1FAD0392}
	EndGlobalSection
	GlobalSection(ExtensibilityGlobals) = postSolution
		SolutionGuid = {F9D82350-1600-43C9-AA99-D18E4D9D1605}
	EndGlobalSection
EndGlobal
